
Microsoft Visual Studio Solution File, Format Version 12.00
# Visual Studio 15
VisualStudioVersion = 15.0.28307.539
MinimumVisualStudioVersion = 10.0.40219.1
Project("{8BC9CEB8-8B4A-11D0-8D11-00A0C91BC942}") = "OpenSiv3D", "OpenSiv3D\OpenSiv3D.vcxproj", "{1DD932FD-8B6F-4060-A419-4A0C6B2C3BCA}"
EndProject
Global
	GlobalSection(SolutionConfigurationPlatforms) = preSolution
		Debug|x64 = Debug|x64
		Debug|x86 = Debug|x86
		Release|x64 = Release|x64
		Release|x86 = Release|x86
	EndGlobalSection
	GlobalSection(ProjectConfigurationPlatforms) = postSolution
		{1DD932FD-8B6F-4060-A419-4A0C6B2C3BCA}.Debug|x64.ActiveCfg = Debug|x64
		{1DD932FD-8B6F-4060-A419-4A0C6B2C3BCA}.Debug|x64.Build.0 = Debug|x64
		{1DD932FD-8B6F-4060-A419-4A0C6B2C3BCA}.Debug|x86.ActiveCfg = Debug|Win32
		{1DD932FD-8B6F-4060-A419-4A0C6B2C3BCA}.Debug|x86.Build.0 = Debug|Win32
		{1DD932FD-8B6F-4060-A419-4A0C6B2C3BCA}.Release|x64.ActiveCfg = Release|x64
		{1DD932FD-8B6F-4060-A419-4A0C6B2C3BCA}.Release|x64.Build.0 = Release|x64
		{1DD932FD-8B6F-4060-A419-4A0C6B2C3BCA}.Release|x86.ActiveCfg = Release|Win32
		{1DD932FD-8B6F-4060-A419-4A0C6B2C3BCA}.Release|x86.Build.0 = Release|Win32
	EndGlobalSection
	GlobalSection(SolutionProperties) = preSolution
		HideSolutionNode = FALSE
	EndGlobalSection
	GlobalSection(ExtensibilityGlobals) = postSolution
		SolutionGuid = {FB8A5B13-2E91-4E49-809B-0C86644CDE63}
	EndGlobalSection
EndGlobal
